
Microsoft Visual Studio Solution File, Format Version 12.00
# Visual Studio Version 17
VisualStudioVersion = 17.14.36414.22 d17.14
MinimumVisualStudioVersion = 10.0.40219.1
Project("{FAE04EC0-301F-11D3-BF4B-00C04F79EFBC}") = "SoftInvDBManager", "SoftInvDBManager\SoftInvDBManager.csproj", "{D03E7292-786C-49A6-A6B1-264AC90695B7}"
EndProject
Project("{FAE04EC0-301F-11D3-BF4B-00C04F79EFBC}") = "SoftInvTest", "SoftInvTest\SoftInvTest.csproj", "{2C160723-B8D4-4784-A1D8-78D79CF2E13D}"
EndProject
Project("{FAE04EC0-301F-11D3-BF4B-00C04F79EFBC}") = "SoftInvModel", "SoftInvModel\SoftInvModel.csproj", "{523DD69A-9CFE-438E-91BE-51F5F855459D}"
EndProject
Project("{FAE04EC0-301F-11D3-BF4B-00C04F79EFBC}") = "SoftInvPersistance", "SoftInvPersistance\SoftInvPersistance.csproj", "{1422D4D4-B110-4AF9-B036-68C56317D481}"
EndProject
Project("{FAE04EC0-301F-11D3-BF4B-00C04F79EFBC}") = "SoftInvBusiness", "SoftInvBusiness\SoftInvBusiness.csproj", "{02D63FB3-F383-4AA4-845A-BBAFC603B17C}"
EndProject
Global
	GlobalSection(SolutionConfigurationPlatforms) = preSolution
		Debug|Any CPU = Debug|Any CPU
		Release|Any CPU = Release|Any CPU
	EndGlobalSection
	GlobalSection(ProjectConfigurationPlatforms) = postSolution
		{D03E7292-786C-49A6-A6B1-264AC90695B7}.Debug|Any CPU.ActiveCfg = Debug|Any CPU
		{D03E7292-786C-49A6-A6B1-264AC90695B7}.Debug|Any CPU.Build.0 = Debug|Any CPU
		{D03E7292-786C-49A6-A6B1-264AC90695B7}.Release|Any CPU.ActiveCfg = Release|Any CPU
		{D03E7292-786C-49A6-A6B1-264AC90695B7}.Release|Any CPU.Build.0 = Release|Any CPU
		{2C160723-B8D4-4784-A1D8-78D79CF2E13D}.Debug|Any CPU.ActiveCfg = Debug|Any CPU
		{2C160723-B8D4-4784-A1D8-78D79CF2E13D}.Debug|Any CPU.Build.0 = Debug|Any CPU
		{2C160723-B8D4-4784-A1D8-78D79CF2E13D}.Release|Any CPU.ActiveCfg = Release|Any CPU
		{2C160723-B8D4-4784-A1D8-78D79CF2E13D}.Release|Any CPU.Build.0 = Release|Any CPU
		{523DD69A-9CFE-438E-91BE-51F5F855459D}.Debug|Any CPU.ActiveCfg = Debug|Any CPU
		{523DD69A-9CFE-438E-91BE-51F5F855459D}.Debug|Any CPU.Build.0 = Debug|Any CPU
		{523DD69A-9CFE-438E-91BE-51F5F855459D}.Release|Any CPU.ActiveCfg = Release|Any CPU
		{523DD69A-9CFE-438E-91BE-51F5F855459D}.Release|Any CPU.Build.0 = Release|Any CPU
		{1422D4D4-B110-4AF9-B036-68C56317D481}.Debug|Any CPU.ActiveCfg = Debug|Any CPU
		{1422D4D4-B110-4AF9-B036-68C56317D481}.Debug|Any CPU.Build.0 = Debug|Any CPU
		{1422D4D4-B110-4AF9-B036-68C56317D481}.Release|Any CPU.ActiveCfg = Release|Any CPU
		{1422D4D4-B110-4AF9-B036-68C56317D481}.Release|Any CPU.Build.0 = Release|Any CPU
		{02D63FB3-F383-4AA4-845A-BBAFC603B17C}.Debug|Any CPU.ActiveCfg = Debug|Any CPU
		{02D63FB3-F383-4AA4-845A-BBAFC603B17C}.Debug|Any CPU.Build.0 = Debug|Any CPU
		{02D63FB3-F383-4AA4-845A-BBAFC603B17C}.Release|Any CPU.ActiveCfg = Release|Any CPU
		{02D63FB3-F383-4AA4-845A-BBAFC603B17C}.Release|Any CPU.Build.0 = Release|Any CPU
	EndGlobalSection
	GlobalSection(SolutionProperties) = preSolution
		HideSolutionNode = FALSE
	EndGlobalSection
	GlobalSection(ExtensibilityGlobals) = postSolution
		SolutionGuid = {312B4160-AFFB-4F94-9B90-A366AD47EEEF}
	EndGlobalSection
EndGlobal
