
Microsoft Visual Studio Solution File, Format Version 12.00
# Visual Studio Version 17
VisualStudioVersion = 17.14.36414.22 d17.14
MinimumVisualStudioVersion = 10.0.40219.1
Project("{FAE04EC0-301F-11D3-BF4B-00C04F79EFBC}") = "Publicaciones_v01", "Publicaciones_v01\Publicaciones_v01.csproj", "{2EEBFD83-E574-41BE-B8E2-C23027030934}"
EndProject
Global
	GlobalSection(SolutionConfigurationPlatforms) = preSolution
		Debug|Any CPU = Debug|Any CPU
		Release|Any CPU = Release|Any CPU
	EndGlobalSection
	GlobalSection(ProjectConfigurationPlatforms) = postSolution
		{2EEBFD83-E574-41BE-B8E2-C23027030934}.Debug|Any CPU.ActiveCfg = Debug|Any CPU
		{2EEBFD83-E574-41BE-B8E2-C23027030934}.Debug|Any CPU.Build.0 = Debug|Any CPU
		{2EEBFD83-E574-41BE-B8E2-C23027030934}.Release|Any CPU.ActiveCfg = Release|Any CPU
		{2EEBFD83-E574-41BE-B8E2-C23027030934}.Release|Any CPU.Build.0 = Release|Any CPU
	EndGlobalSection
	GlobalSection(SolutionProperties) = preSolution
		HideSolutionNode = FALSE
	EndGlobalSection
	GlobalSection(ExtensibilityGlobals) = postSolution
		SolutionGuid = {842225FB-956D-4178-BA46-2D0E1BF5FA31}
	EndGlobalSection
EndGlobal
